<?xml version="1.0" encoding="utf-8"?>
<Project ToolsVersion="4.0" xmlns="http://schemas.microsoft.com/developer/msbuild/2003">
  <ItemGroup>
    <Filter Include="Data">
      <UniqueIdentifier>{3F05847C-2B3C-850D-D428-6B10C03E010F}</UniqueIdentifier>
    </Filter>
    <Filter Include="Data\MySQLInterface">
      <UniqueIdentifier>{D5299AB4-418B-77C2-CAF8-BD743659AE81}</UniqueIdentifier>
    </Filter>
    <Filter Include="Data\MySQLInterface\Helpers">
      <UniqueIdentifier>{97DF2E82-03ED-5C68-8CD3-5853F8DF281F}</UniqueIdentifier>
    </Filter>
    <Filter Include="Data\MySQLInterface\Queries">
      <UniqueIdentifier>{0209D05B-6E16-FE41-F7FC-F92C6309CAF8}</UniqueIdentifier>
    </Filter>
    <Filter Include="TestData">
      <UniqueIdentifier>{7F6CA274-6B39-FD7F-9452-EB27807E320E}</UniqueIdentifier>
    </Filter>
    <Filter Include="users">
      <UniqueIdentifier>{77FF8410-E313-ADC1-AC95-50211869A9F2}</UniqueIdentifier>
    </Filter>
  </ItemGroup>
  <ItemGroup>
    <ClInclude Include="Data\DataInterface.h">
      <Filter>Data</Filter>
    </ClInclude>
    <ClInclude Include="Data\MySQLInterface\Helpers\TestFactory.h">
      <Filter>Data\MySQLInterface\Helpers</Filter>
    </ClInclude>
    <ClInclude Include="Data\MySQLInterface\Helpers\UserFactory.h">
      <Filter>Data\MySQLInterface\Helpers</Filter>
    </ClInclude>
    <ClInclude Include="Data\MySQLInterface\SQL.h">
      <Filter>Data\MySQLInterface</Filter>
    </ClInclude>
    <ClInclude Include="ExternalConnection.h" />
    <ClInclude Include="MailSender.h" />
    <ClInclude Include="TestData\Answer.h">
      <Filter>TestData</Filter>
    </ClInclude>
    <ClInclude Include="TestData\AttendanceList.h">
      <Filter>TestData</Filter>
    </ClInclude>
    <ClInclude Include="TestData\Groups.h">
      <Filter>TestData</Filter>
    </ClInclude>
    <ClInclude Include="TestData\Homework.h">
      <Filter>TestData</Filter>
    </ClInclude>
    <ClInclude Include="TestData\Question.h">
      <Filter>TestData</Filter>
    </ClInclude>
    <ClInclude Include="TestData\Test.h">
      <Filter>TestData</Filter>
    </ClInclude>
    <ClInclude Include="TestData\TestCommit.h">
      <Filter>TestData</Filter>
    </ClInclude>
    <ClInclude Include="ecpch.h" />
    <ClInclude Include="users\Admin.h">
      <Filter>users</Filter>
    </ClInclude>
    <ClInclude Include="users\student.h">
      <Filter>users</Filter>
    </ClInclude>
    <ClInclude Include="users\teacher.h">
      <Filter>users</Filter>
    </ClInclude>
    <ClInclude Include="users\user.h">
      <Filter>users</Filter>
    </ClInclude>
    <ClInclude Include="users\Sender.h" />
    <ClInclude Include="TestData\SimplifiedMessage.h" />
  </ItemGroup>
  <ItemGroup>
    <ClCompile Include="Data\DataInterface.cpp">
      <Filter>Data</Filter>
    </ClCompile>
    <ClCompile Include="Data\MySQLInterface\Helpers\TestFactory.cpp">
      <Filter>Data\MySQLInterface\Helpers</Filter>
    </ClCompile>
    <ClCompile Include="Data\MySQLInterface\Helpers\UserFactory.cpp">
      <Filter>Data\MySQLInterface\Helpers</Filter>
    </ClCompile>
    <ClCompile Include="Data\MySQLInterface\Queries\GroupQueries.cpp">
      <Filter>Data\MySQLInterface\Queries</Filter>
    </ClCompile>
    <ClCompile Include="Data\MySQLInterface\Queries\HomeworkQueries.cpp">
      <Filter>Data\MySQLInterface\Queries</Filter>
    </ClCompile>
    <ClCompile Include="Data\MySQLInterface\Queries\TestResultQueries.cpp">
      <Filter>Data\MySQLInterface\Queries</Filter>
    </ClCompile>
    <ClCompile Include="Data\MySQLInterface\Queries\attendanceQueries.cpp">
      <Filter>Data\MySQLInterface\Queries</Filter>
    </ClCompile>
    <ClCompile Include="Data\MySQLInterface\Queries\testQueries.cpp">
      <Filter>Data\MySQLInterface\Queries</Filter>
    </ClCompile>
    <ClCompile Include="Data\MySQLInterface\Queries\userQueries.cpp">
      <Filter>Data\MySQLInterface\Queries</Filter>
    </ClCompile>
    <ClCompile Include="Data\MySQLInterface\SQL.cpp">
      <Filter>Data\MySQLInterface</Filter>
    </ClCompile>
    <ClCompile Include="MailSender.cpp" />
    <ClCompile Include="TestData\Answer.cpp">
      <Filter>TestData</Filter>
    </ClCompile>
    <ClCompile Include="TestData\AttendanceList.cpp">
      <Filter>TestData</Filter>
    </ClCompile>
    <ClCompile Include="TestData\Groups.cpp">
      <Filter>TestData</Filter>
    </ClCompile>
    <ClCompile Include="TestData\Homework.cpp">
      <Filter>TestData</Filter>
    </ClCompile>
    <ClCompile Include="TestData\Question.cpp">
      <Filter>TestData</Filter>
    </ClCompile>
    <ClCompile Include="TestData\Test.cpp">
      <Filter>TestData</Filter>
    </ClCompile>
    <ClCompile Include="TestData\TestCommit.cpp">
      <Filter>TestData</Filter>
    </ClCompile>
    <ClCompile Include="ecpch.cpp" />
    <ClCompile Include="users\Admin.cpp">
      <Filter>users</Filter>
    </ClCompile>
    <ClCompile Include="users\student.cpp">
      <Filter>users</Filter>
    </ClCompile>
    <ClCompile Include="users\teacher.cpp">
      <Filter>users</Filter>
    </ClCompile>
    <ClCompile Include="users\user.cpp">
      <Filter>users</Filter>
    </ClCompile>
    <ClCompile Include="users\Sender.cpp" />
    <ClCompile Include="TestData\SimplifiedMessage.cpp" />
  </ItemGroup>
</Project>