<?xml version="1.0" encoding="utf-8"?>
<Project ToolsVersion="4.0" xmlns="http://schemas.microsoft.com/developer/msbuild/2003">
  <ItemGroup>
    <Filter Include="ExternalDatabase">
      <UniqueIdentifier>{BDD0DF83-A9C9-FED5-D2FB-E35ABE53DEE1}</UniqueIdentifier>
    </Filter>
    <Filter Include="ExternalDatabase\MySQLInterface">
      <UniqueIdentifier>{9339C779-FF1C-D6B9-0820-04F674829C0A}</UniqueIdentifier>
    </Filter>
    <Filter Include="ExternalDatabase\MySQLInterface\Helpers">
      <UniqueIdentifier>{55CD56E3-C15C-18CE-CA58-F9E5366753DA}</UniqueIdentifier>
    </Filter>
    <Filter Include="ExternalDatabase\MySQLInterface\Queries">
      <UniqueIdentifier>{C0F6F7BC-2C86-B9A7-3582-9ABFA190F4B3}</UniqueIdentifier>
    </Filter>
    <Filter Include="MailManager">
      <UniqueIdentifier>{2399A314-8F4E-1C0A-1843-16E184F7120E}</UniqueIdentifier>
    </Filter>
    <Filter Include="TestData">
      <UniqueIdentifier>{7F6CA274-6B39-FD7F-9452-EB27807E320E}</UniqueIdentifier>
    </Filter>
    <Filter Include="users">
      <UniqueIdentifier>{77FF8410-E313-ADC1-AC95-50211869A9F2}</UniqueIdentifier>
    </Filter>
  </ItemGroup>
  <ItemGroup>
    <ClInclude Include="DatabaseException.h" />
    <ClInclude Include="ExternalConnection.h" />
    <ClInclude Include="ExternalDatabase\DataInterface.h">
      <Filter>ExternalDatabase</Filter>
    </ClInclude>
    <ClInclude Include="ExternalDatabase\MySQLInterface\Helpers\QuestionInserter.h">
      <Filter>ExternalDatabase\MySQLInterface\Helpers</Filter>
    </ClInclude>
    <ClInclude Include="ExternalDatabase\MySQLInterface\Helpers\TestGetter.h">
      <Filter>ExternalDatabase\MySQLInterface\Helpers</Filter>
    </ClInclude>
    <ClInclude Include="ExternalDatabase\MySQLInterface\Helpers\UserFactory.h">
      <Filter>ExternalDatabase\MySQLInterface\Helpers</Filter>
    </ClInclude>
    <ClInclude Include="ExternalDatabase\MySQLInterface\Helpers\Utilities.h">
      <Filter>ExternalDatabase\MySQLInterface\Helpers</Filter>
    </ClInclude>
    <ClInclude Include="ExternalDatabase\MySQLInterface\SQL.h">
      <Filter>ExternalDatabase\MySQLInterface</Filter>
    </ClInclude>
    <ClInclude Include="MailManager\MailSender.h">
      <Filter>MailManager</Filter>
    </ClInclude>
    <ClInclude Include="MailManager\SimplifiedMessage.h">
      <Filter>MailManager</Filter>
    </ClInclude>
    <ClInclude Include="TestData\Answer.h">
      <Filter>TestData</Filter>
    </ClInclude>
    <ClInclude Include="TestData\AttendanceList.h">
      <Filter>TestData</Filter>
    </ClInclude>
    <ClInclude Include="TestData\Groups.h">
      <Filter>TestData</Filter>
    </ClInclude>
    <ClInclude Include="TestData\Homework.h">
      <Filter>TestData</Filter>
    </ClInclude>
    <ClInclude Include="TestData\Question.h">
      <Filter>TestData</Filter>
    </ClInclude>
    <ClInclude Include="TestData\Test.h">
      <Filter>TestData</Filter>
    </ClInclude>
    <ClInclude Include="TestData\TestCommit.h">
      <Filter>TestData</Filter>
    </ClInclude>
    <ClInclude Include="ecpch.h" />
    <ClInclude Include="users\Sender.h">
      <Filter>users</Filter>
    </ClInclude>
    <ClInclude Include="users\user.h">
      <Filter>users</Filter>
    </ClInclude>
    <ClInclude Include="ExternalDatabase\MySQLInterface\Helpers\TestValidator.h" />
    <ClInclude Include="ExternalDatabase\MySQLInterface\Helpers\UserValidator.h" />
  </ItemGroup>
  <ItemGroup>
    <ClCompile Include="DatabaseException.cpp" />
    <ClCompile Include="ExternalDatabase\DataInterface.cpp">
      <Filter>ExternalDatabase</Filter>
    </ClCompile>
    <ClCompile Include="ExternalDatabase\MySQLInterface\Helpers\QuestionInserter.cpp">
      <Filter>ExternalDatabase\MySQLInterface\Helpers</Filter>
    </ClCompile>
    <ClCompile Include="ExternalDatabase\MySQLInterface\Helpers\TestGetter.cpp">
      <Filter>ExternalDatabase\MySQLInterface\Helpers</Filter>
    </ClCompile>
    <ClCompile Include="ExternalDatabase\MySQLInterface\Helpers\UserFactory.cpp">
      <Filter>ExternalDatabase\MySQLInterface\Helpers</Filter>
    </ClCompile>
    <ClCompile Include="ExternalDatabase\MySQLInterface\Helpers\Utilities.cpp">
      <Filter>ExternalDatabase\MySQLInterface\Helpers</Filter>
    </ClCompile>
    <ClCompile Include="ExternalDatabase\MySQLInterface\Queries\GroupQueries.cpp">
      <Filter>ExternalDatabase\MySQLInterface\Queries</Filter>
    </ClCompile>
    <ClCompile Include="ExternalDatabase\MySQLInterface\Queries\HomeworkQueries.cpp">
      <Filter>ExternalDatabase\MySQLInterface\Queries</Filter>
    </ClCompile>
    <ClCompile Include="ExternalDatabase\MySQLInterface\Queries\TestResultQueries.cpp">
      <Filter>ExternalDatabase\MySQLInterface\Queries</Filter>
    </ClCompile>
    <ClCompile Include="ExternalDatabase\MySQLInterface\Queries\attendanceQueries.cpp">
      <Filter>ExternalDatabase\MySQLInterface\Queries</Filter>
    </ClCompile>
    <ClCompile Include="ExternalDatabase\MySQLInterface\Queries\testQueries.cpp">
      <Filter>ExternalDatabase\MySQLInterface\Queries</Filter>
    </ClCompile>
    <ClCompile Include="ExternalDatabase\MySQLInterface\Queries\userQueries.cpp">
      <Filter>ExternalDatabase\MySQLInterface\Queries</Filter>
    </ClCompile>
    <ClCompile Include="ExternalDatabase\MySQLInterface\SQL.cpp">
      <Filter>ExternalDatabase\MySQLInterface</Filter>
    </ClCompile>
    <ClCompile Include="MailManager\MailSender.cpp">
      <Filter>MailManager</Filter>
    </ClCompile>
    <ClCompile Include="MailManager\SimplifiedMessage.cpp">
      <Filter>MailManager</Filter>
    </ClCompile>
    <ClCompile Include="TestData\Answer.cpp">
      <Filter>TestData</Filter>
    </ClCompile>
    <ClCompile Include="TestData\AttendanceList.cpp">
      <Filter>TestData</Filter>
    </ClCompile>
    <ClCompile Include="TestData\Groups.cpp">
      <Filter>TestData</Filter>
    </ClCompile>
    <ClCompile Include="TestData\Homework.cpp">
      <Filter>TestData</Filter>
    </ClCompile>
    <ClCompile Include="TestData\Question.cpp">
      <Filter>TestData</Filter>
    </ClCompile>
    <ClCompile Include="TestData\Test.cpp">
      <Filter>TestData</Filter>
    </ClCompile>
    <ClCompile Include="TestData\TestCommit.cpp">
      <Filter>TestData</Filter>
    </ClCompile>
    <ClCompile Include="ecpch.cpp" />
    <ClCompile Include="users\Sender.cpp">
      <Filter>users</Filter>
    </ClCompile>
    <ClCompile Include="users\user.cpp">
      <Filter>users</Filter>
    </ClCompile>
    <ClCompile Include="ExternalDatabase\MySQLInterface\Helpers\TestValidator.cpp" />
    <ClCompile Include="ExternalDatabase\MySQLInterface\Helpers\UserValidator.cpp" />
  </ItemGroup>
</Project>